{
  "name": "flowcard-cli-workspace",
  "version": "1.0.0",
  "lockfileVersion": 3,
  "requires": true,
  "packages": {
    "": {
      "name": "flowcard-cli-workspace",
      "version": "1.0.0",
      "license": "MIT",
      "workspaces": [
        "packages/shared",
        "packages/api-client",
        "apps/cli"
      ],
      "devDependencies": {
        "@types/node": "^24.0.0",
        "typescript": "^5.9.3"
      }
    },
    "apps/cli": {
      "name": "@flowcard/cli",
      "version": "1.0.0",
      "dependencies": {
        "@flowcard/api-client": "1.0.0",
        "@flowcard/shared": "1.0.0",
        "commander": "^14.0.3"
      },
      "bin": {
        "flowcard": "bin/flowcard.js"
      }
    },
    "node_modules/@flowcard/api-client": {
      "resolved": "packages/api-client",
      "link": true
    },
    "node_modules/@flowcard/cli": {
      "resolved": "apps/cli",
      "link": true
    },
    "node_modules/@flowcard/shared": {
      "resolved": "packages/shared",
      "link": true
    },
    "node_modules/@types/node": {
      "version": "24.13.2",
      "resolved": "https://registry.npmjs.org/@types/node/-/node-24.13.2.tgz",
      "integrity": "sha512-fRa09kZTgu8o71KFcDjUFuc7F+dEbZYZmkI0mg5YBTRs0yMKjYHsq/c0urDKeDb+D5qVgXOdFcuu+DZPKOITwA==",
      "dev": true,
      "license": "MIT",
      "dependencies": {
        "undici-types": "~7.18.0"
      }
    },
    "node_modules/commander": {
      "version": "14.0.3",
      "resolved": "https://registry.npmjs.org/commander/-/commander-14.0.3.tgz",
      "integrity": "sha512-H+y0Jo/T1RZ9qPP4Eh1pkcQcLRglraJaSLoyOtHxu6AapkjWVCy2Sit1QQ4x3Dng8qDlSsZEet7g5Pq06MvTgw==",
      "license": "MIT",
      "engines": {
        "node": ">=20"
      }
    },
    "node_modules/typescript": {
      "version": "5.9.3",
      "resolved": "https://registry.npmjs.org/typescript/-/typescript-5.9.3.tgz",
      "integrity": "sha512-jl1vZzPDinLr9eUt3J/t7V6FgNEw9QjvBPdysz9KfQDD41fQrC2Y4vKQdiaUpFT4bXlb1RHhLpp8wtm6M5TgSw==",
      "dev": true,
      "license": "Apache-2.0",
      "bin": {
        "tsc": "bin/tsc",
        "tsserver": "bin/tsserver"
      },
      "engines": {
        "node": ">=14.17"
      }
    },
    "node_modules/undici-types": {
      "version": "7.18.2",
      "resolved": "https://registry.npmjs.org/undici-types/-/undici-types-7.18.2.tgz",
      "integrity": "sha512-AsuCzffGHJybSaRrmr5eHr81mwJU3kjw6M+uprWvCXiNeN9SOGwQ3Jn8jb8m3Z6izVgknn1R0FTCEAP2QrLY/w==",
      "dev": true,
      "license": "MIT"
    },
    "packages/api-client": {
      "name": "@flowcard/api-client",
      "version": "1.0.0",
      "dependencies": {
        "@flowcard/shared": "1.0.0"
      }
    },
    "packages/shared": {
      "name": "@flowcard/shared",
      "version": "1.0.0"
    }
  }
}
